
Microsoft Visual Studio Solution File, Format Version 12.00
# Visual Studio 15
VisualStudioVersion = 15.0.27004.2002
MinimumVisualStudioVersion = 10.0.40219.1
Project("{FAE04EC0-301F-11D3-BF4B-00C04F79EFBC}") = "Snake", "Snake\Snake.csproj", "{FDC4A557-A5D2-4C59-A97C-BE013FC21C8B}"
EndProject
Global
	GlobalSection(SolutionConfigurationPlatforms) = preSolution
		Debug|Any CPU = Debug|Any CPU
		Release|Any CPU = Release|Any CPU
	EndGlobalSection
	GlobalSection(ProjectConfigurationPlatforms) = postSolution
		{FDC4A557-A5D2-4C59-A97C-BE013FC21C8B}.Debug|Any CPU.ActiveCfg = Debug|Any CPU
		{FDC4A557-A5D2-4C59-A97C-BE013FC21C8B}.Debug|Any CPU.Build.0 = Debug|Any CPU
		{FDC4A557-A5D2-4C59-A97C-BE013FC21C8B}.Release|Any CPU.ActiveCfg = Release|Any CPU
		{FDC4A557-A5D2-4C59-A97C-BE013FC21C8B}.Release|Any CPU.Build.0 = Release|Any CPU
	EndGlobalSection
	GlobalSection(SolutionProperties) = preSolution
		HideSolutionNode = FALSE
	EndGlobalSection
	GlobalSection(ExtensibilityGlobals) = postSolution
		SolutionGuid = {71937D9D-A329-4E8E-92F9-8DD3A896EDFF}
	EndGlobalSection
EndGlobal
